{
  "nodes": {
    "nixpkgs": {
      "locked": {
        "lastModified": 1771488326,
        "narHash": "sha256-LzurEYF+S+vfzHMWHqfhJfzPSV9TbJmdEn/ZVIatB14=",
        "owner": "NixOS",
        "repo": "nixpkgs",
        "rev": "e5cca0a5046ceb9b438023d2acf2180c6fe48eee",
        "type": "github"
      },
      "original": {
        "owner": "NixOS",
        "ref": "staging-next",
        "repo": "nixpkgs",
        "type": "github"
      }
    },
    "root": {
      "inputs": {
        "nixpkgs": "nixpkgs"
      }
    }
  },
  "root": "root",
  "version": 7
}
