github.com/google/uuid v1.6.0 h1:NIvaJDMOsjHA8n1jAhLSgzrAzy1Hgr+hNrb57e+94F0=
github.com/google/uuid v1.6.0/go.mod h1:TIyPZe4MgqvfeYDBFedMoGGpEw/LqOeaOT+nhxU+yHo=
github.com/maximhq/bifrost/core v1.0.6 h1:MTpRMUeMdjatMKJTRCZSEVxOpKsWpCREvzgYNW+BYP0=
github.com/maximhq/bifrost/core v1.0.6/go.mod h1:nL2tc1SVJ7EAKxUb1G1yS4nO46ZsCdm1qC3Oc78oYIU=
github.com/maximhq/maxim-go v0.1.1 h1:69uUQjjDPmUGcKg/M4/3AO0fbD+70Agt66pH/UCsI5M=
github.com/maximhq/maxim-go v0.1.1/go.mod h1:0+UTWM7UZwNNE5VnljLtr/vpRGtYP8r/2q9WDwlLWFw=
